
Microsoft Visual Studio Solution File, Format Version 12.00
# Visual Studio Version 17
VisualStudioVersion = 17.5.002.0
MinimumVisualStudioVersion = 10.0.40219.1
Project("{9A19103F-16F7-4668-BE54-9A1E7A4F7556}") = "aspnetcoreapp", "aspnetcoreapp.csproj", "{E72552BD-3F7E-4CB3-B9AF-B0C8D601D275}"
EndProject
Global
	GlobalSection(SolutionConfigurationPlatforms) = preSolution
		Debug|Any CPU = Debug|Any CPU
		Release|Any CPU = Release|Any CPU
	EndGlobalSection
	GlobalSection(ProjectConfigurationPlatforms) = postSolution
		{E72552BD-3F7E-4CB3-B9AF-B0C8D601D275}.Debug|Any CPU.ActiveCfg = Debug|Any CPU
		{E72552BD-3F7E-4CB3-B9AF-B0C8D601D275}.Debug|Any CPU.Build.0 = Debug|Any CPU
		{E72552BD-3F7E-4CB3-B9AF-B0C8D601D275}.Release|Any CPU.ActiveCfg = Release|Any CPU
		{E72552BD-3F7E-4CB3-B9AF-B0C8D601D275}.Release|Any CPU.Build.0 = Release|Any CPU
	EndGlobalSection
	GlobalSection(SolutionProperties) = preSolution
		HideSolutionNode = FALSE
	EndGlobalSection
	GlobalSection(ExtensibilityGlobals) = postSolution
		SolutionGuid = {A4D53A8E-8227-487D-9B23-9CE3663B1342}
	EndGlobalSection
EndGlobal
